
Microsoft Visual Studio Solution File, Format Version 12.00
# Visual Studio 2013
VisualStudioVersion = 12.0.21005.1
MinimumVisualStudioVersion = 10.0.40219.1
Project("{8BC9CEB8-8B4A-11D0-8D11-00A0C91BC942}") = "DS0622", "DS0622\DS0622.vcxproj", "{F26F482D-C9A0-4E2B-90C1-909D1BA56D0B}"
EndProject
Global
	GlobalSection(SolutionConfigurationPlatforms) = preSolution
		Debug|Win32 = Debug|Win32
		Release|Win32 = Release|Win32
	EndGlobalSection
	GlobalSection(ProjectConfigurationPlatforms) = postSolution
		{F26F482D-C9A0-4E2B-90C1-909D1BA56D0B}.Debug|Win32.ActiveCfg = Debug|Win32
		{F26F482D-C9A0-4E2B-90C1-909D1BA56D0B}.Debug|Win32.Build.0 = Debug|Win32
		{F26F482D-C9A0-4E2B-90C1-909D1BA56D0B}.Release|Win32.ActiveCfg = Release|Win32
		{F26F482D-C9A0-4E2B-90C1-909D1BA56D0B}.Release|Win32.Build.0 = Release|Win32
	EndGlobalSection
	GlobalSection(SolutionProperties) = preSolution
		HideSolutionNode = FALSE
	EndGlobalSection
EndGlobal
